
Microsoft Visual Studio Solution File, Format Version 12.00
# Visual Studio Version 17
VisualStudioVersion = 17.5.002.0
MinimumVisualStudioVersion = 10.0.40219.1
Project("{9A19103F-16F7-4668-BE54-9A1E7A4F7556}") = "File", "File.csproj", "{172F4365-1DB3-4317-A551-DCB8FFD36866}"
EndProject
Global
	GlobalSection(SolutionConfigurationPlatforms) = preSolution
		Debug|Any CPU = Debug|Any CPU
		Release|Any CPU = Release|Any CPU
	EndGlobalSection
	GlobalSection(ProjectConfigurationPlatforms) = postSolution
		{172F4365-1DB3-4317-A551-DCB8FFD36866}.Debug|Any CPU.ActiveCfg = Debug|Any CPU
		{172F4365-1DB3-4317-A551-DCB8FFD36866}.Debug|Any CPU.Build.0 = Debug|Any CPU
		{172F4365-1DB3-4317-A551-DCB8FFD36866}.Release|Any CPU.ActiveCfg = Release|Any CPU
		{172F4365-1DB3-4317-A551-DCB8FFD36866}.Release|Any CPU.Build.0 = Release|Any CPU
	EndGlobalSection
	GlobalSection(SolutionProperties) = preSolution
		HideSolutionNode = FALSE
	EndGlobalSection
	GlobalSection(ExtensibilityGlobals) = postSolution
		SolutionGuid = {A52996BF-F016-4977-A89D-84360656E6C2}
	EndGlobalSection
EndGlobal
